<?xml version="1.0" encoding="utf-8"?>
<Project ToolsVersion="4.0" xmlns="http://schemas.microsoft.com/developer/msbuild/2003">
  <ItemGroup>
    <Filter Include="Source Files">
      <UniqueIdentifier>{4FC737F1-C7A5-4376-A066-2A32D752A2FF}</UniqueIdentifier>
      <Extensions>cpp;c;cc;cxx;def;odl;idl;hpj;bat;asm;asmx</Extensions>
    </Filter>
    <Filter Include="Header Files">
      <UniqueIdentifier>{93995380-89BD-4b04-88EB-625FBE52EBFB}</UniqueIdentifier>
      <Extensions>h;hh;hpp;hxx;hm;inl;inc;xsd</Extensions>
    </Filter>
    <Filter Include="Resource Files">
      <UniqueIdentifier>{67DA6AB6-F800-4c08-8B7A-83BB121AAD01}</UniqueIdentifier>
      <Extensions>rc;ico;cur;bmp;dlg;rc2;rct;bin;rgs;gif;jpg;jpeg;jpe;resx;tiff;tif;png;wav;mfcribbon-ms</Extensions>
    </Filter>
    <Filter Include="Json">
      <UniqueIdentifier>{7e8d6288-d23c-418b-b006-c8712ef1c852}</UniqueIdentifier>
    </Filter>
    <Filter Include="Algorithm">
      <UniqueIdentifier>{c12794ea-3b5a-4555-bbe8-6551671f4b8b}</UniqueIdentifier>
    </Filter>
    <Filter Include="Utils">
      <UniqueIdentifier>{2159f909-21b5-4ddd-8ef4-7c1bb7fd56d7}</UniqueIdentifier>
    </Filter>
    <Filter Include="TinyXML2">
      <UniqueIdentifier>{84efd53b-f638-4b70-a7b3-0fb90423b8d3}</UniqueIdentifier>
    </Filter>
  </ItemGroup>
  <ItemGroup>
    <Text Include="ReadMe.txt" />
  </ItemGroup>
  <ItemGroup>
    <ClInclude Include="stdafx.h">
      <Filter>Header Files</Filter>
    </ClInclude>
    <ClInclude Include="targetver.h">
      <Filter>Header Files</Filter>
    </ClInclude>
    <ClInclude Include="GenericDefines.h">
      <Filter>Header Files</Filter>
    </ClInclude>
    <ClInclude Include="Utils\CodeLocation.h">
      <Filter>Utils</Filter>
    </ClInclude>
    <ClInclude Include="Utils\RegistryUtil.h">
      <Filter>Utils</Filter>
    </ClInclude>
    <ClInclude Include="Utils\StringUtil.h">
      <Filter>Utils</Filter>
    </ClInclude>
    <ClInclude Include="Utils\TimeUtil.h">
      <Filter>Utils</Filter>
    </ClInclude>
    <ClInclude Include="Algorithm\MD5.h">
      <Filter>Algorithm</Filter>
    </ClInclude>
    <ClInclude Include="Json\allocator.h">
      <Filter>Json</Filter>
    </ClInclude>
    <ClInclude Include="Json\assertions.h">
      <Filter>Json</Filter>
    </ClInclude>
    <ClInclude Include="Json\autolink.h">
      <Filter>Json</Filter>
    </ClInclude>
    <ClInclude Include="Json\config.h">
      <Filter>Json</Filter>
    </ClInclude>
    <ClInclude Include="Json\features.h">
      <Filter>Json</Filter>
    </ClInclude>
    <ClInclude Include="Json\forwards.h">
      <Filter>Json</Filter>
    </ClInclude>
    <ClInclude Include="Json\json.h">
      <Filter>Json</Filter>
    </ClInclude>
    <ClInclude Include="Json\json_tool.h">
      <Filter>Json</Filter>
    </ClInclude>
    <ClInclude Include="Json\reader.h">
      <Filter>Json</Filter>
    </ClInclude>
    <ClInclude Include="Json\value.h">
      <Filter>Json</Filter>
    </ClInclude>
    <ClInclude Include="Json\version.h">
      <Filter>Json</Filter>
    </ClInclude>
    <ClInclude Include="Json\writer.h">
      <Filter>Json</Filter>
    </ClInclude>
    <ClInclude Include="TinyXML2\TinyXML2.h">
      <Filter>TinyXML2</Filter>
    </ClInclude>
    <ClInclude Include="Algorithm\MessageDigestAbstract.h">
      <Filter>Algorithm</Filter>
    </ClInclude>
    <ClInclude Include="Algorithm\MessageDigestFactory.h">
      <Filter>Algorithm</Filter>
    </ClInclude>
    <ClInclude Include="Utils\EnvUtil.h">
      <Filter>Utils</Filter>
    </ClInclude>
    <ClInclude Include="Utils\LogUtil.h">
      <Filter>Utils</Filter>
    </ClInclude>
    <ClInclude Include="Utils\DirectoryUtil.h">
      <Filter>Utils</Filter>
    </ClInclude>
    <ClInclude Include="Algorithm\CryptogramAbstract.h">
      <Filter>Algorithm</Filter>
    </ClInclude>
    <ClInclude Include="Algorithm\CryptogramFactory.h">
      <Filter>Algorithm</Filter>
    </ClInclude>
    <ClInclude Include="Algorithm\AES.h">
      <Filter>Algorithm</Filter>
    </ClInclude>
    <ClInclude Include="Algorithm\AesImpl.h">
      <Filter>Algorithm</Filter>
    </ClInclude>
  </ItemGroup>
  <ItemGroup>
    <ClCompile Include="stdafx.cpp">
      <Filter>Source Files</Filter>
    </ClCompile>
    <ClCompile Include="dllmain.cpp">
      <Filter>Source Files</Filter>
    </ClCompile>
    <ClCompile Include="Utils\CodeLocation.cpp">
      <Filter>Utils</Filter>
    </ClCompile>
    <ClCompile Include="Utils\RegistryUtil.cpp">
      <Filter>Utils</Filter>
    </ClCompile>
    <ClCompile Include="Utils\StringUtil.cpp">
      <Filter>Utils</Filter>
    </ClCompile>
    <ClCompile Include="Utils\TimeUtil.cpp">
      <Filter>Utils</Filter>
    </ClCompile>
    <ClCompile Include="Algorithm\MD5.cpp">
      <Filter>Algorithm</Filter>
    </ClCompile>
    <ClCompile Include="Json\reader.cpp">
      <Filter>Json</Filter>
    </ClCompile>
    <ClCompile Include="Json\value.cpp">
      <Filter>Json</Filter>
    </ClCompile>
    <ClCompile Include="Json\writer.cpp">
      <Filter>Json</Filter>
    </ClCompile>
    <ClCompile Include="TinyXML2\TinyXML2.cpp">
      <Filter>TinyXML2</Filter>
    </ClCompile>
    <ClCompile Include="Algorithm\MessageDigestAbstract.cpp">
      <Filter>Algorithm</Filter>
    </ClCompile>
    <ClCompile Include="Algorithm\MessageDigestFactory.cpp">
      <Filter>Algorithm</Filter>
    </ClCompile>
    <ClCompile Include="Utils\EnvUtil.cpp">
      <Filter>Utils</Filter>
    </ClCompile>
    <ClCompile Include="Utils\LogUtil.cpp">
      <Filter>Utils</Filter>
    </ClCompile>
    <ClCompile Include="Utils\DirectoryUtil.cpp">
      <Filter>Utils</Filter>
    </ClCompile>
    <ClCompile Include="Algorithm\CryptogramAbstract.cpp">
      <Filter>Algorithm</Filter>
    </ClCompile>
    <ClCompile Include="Algorithm\CryptogramFactory.cpp">
      <Filter>Algorithm</Filter>
    </ClCompile>
    <ClCompile Include="Algorithm\AES.cpp">
      <Filter>Algorithm</Filter>
    </ClCompile>
    <ClCompile Include="Algorithm\AesImpl.c">
      <Filter>Algorithm</Filter>
    </ClCompile>
  </ItemGroup>
  <ItemGroup>
    <None Include="Json\json_valueiterator.inl">
      <Filter>Json</Filter>
    </None>
  </ItemGroup>
</Project>