
Microsoft Visual Studio Solution File, Format Version 12.00
# Visual Studio 14
VisualStudioVersion = 14.0.25420.1
MinimumVisualStudioVersion = 10.0.40219.1
Project("{8BC9CEB8-8B4A-11D0-8D11-00A0C91BC942}") = "MainTest", "MainTest\MainTest.vcxproj", "{50D8D01C-21FA-46D9-BCC6-58BFD0FF3816}"
EndProject
Project("{8BC9CEB8-8B4A-11D0-8D11-00A0C91BC942}") = "TcpUdpCommunication", "TcpUdpCommunication\TcpUdpCommunication.vcxproj", "{530CA1AD-A17B-4DCD-B43B-F93F2563BFC1}"
EndProject
Project("{FAE04EC0-301F-11D3-BF4B-00C04F79EFBC}") = "WinFormUI", "WinFormUI\WinFormUI.csproj", "{E9835178-16BF-4E74-ADDE-6C39BE73A321}"
EndProject
Project("{8BC9CEB8-8B4A-11D0-8D11-00A0C91BC942}") = "ProtocolBuffer", "ProtocolBuffer\ProtocolBuffer.vcxproj", "{37D65815-8A9A-4D63-88E4-425AD0087B4D}"
EndProject
Project("{8BC9CEB8-8B4A-11D0-8D11-00A0C91BC942}") = "NativeUnitTest", "NativeUnitTest\NativeUnitTest.vcxproj", "{97526478-8C7A-44C4-B44E-7A32D9B82EF8}"
EndProject
Project("{FAE04EC0-301F-11D3-BF4B-00C04F79EFBC}") = "CSharpCommon", "CSharpCommon\CSharpCommon.csproj", "{102DFD84-5071-4712-9CC0-377859D7CF6F}"
EndProject
Project("{FAE04EC0-301F-11D3-BF4B-00C04F79EFBC}") = "CSharpUnitTest", "CSharpUnitTest\CSharpUnitTest.csproj", "{602B1042-79ED-434F-AC25-D072E8EC0E17}"
EndProject
Project("{8BC9CEB8-8B4A-11D0-8D11-00A0C91BC942}") = "DuiLib", "DuiLib\DuiLib.vcxproj", "{83344E5F-FB53-43A8-BA2F-4B2740854B9D}"
EndProject
Project("{8BC9CEB8-8B4A-11D0-8D11-00A0C91BC942}") = "DuiDesigner", "DuiDesigner\DuiDesigner.vcxproj", "{8CC28A8B-CD88-44A7-8994-066CCD8938CB}"
EndProject
Project("{8BC9CEB8-8B4A-11D0-8D11-00A0C91BC942}") = "ShuanglongTools", "ShuanglongTools\ShuanglongTools.vcxproj", "{1D42ACE1-8ED4-4D80-9FAB-C0689F5098BC}"
EndProject
Project("{8BC9CEB8-8B4A-11D0-8D11-00A0C91BC942}") = "GenericLib", "GenericLib\GenericLib.vcxproj", "{6FC63E73-8090-49B0-BC0D-7E554FA41AF1}"
EndProject
Project("{8BC9CEB8-8B4A-11D0-8D11-00A0C91BC942}") = "ShuanglongService", "ShuanglongService\ShuanglongService.vcxproj", "{3073BB05-BE4B-4B30-8FF8-315E2E6D951B}"
EndProject
Global
	GlobalSection(SolutionConfigurationPlatforms) = preSolution
		Debug|x64 = Debug|x64
		Debug|x86 = Debug|x86
		Release|x64 = Release|x64
		Release|x86 = Release|x86
	EndGlobalSection
	GlobalSection(ProjectConfigurationPlatforms) = postSolution
		{50D8D01C-21FA-46D9-BCC6-58BFD0FF3816}.Debug|x64.ActiveCfg = Debug|x64
		{50D8D01C-21FA-46D9-BCC6-58BFD0FF3816}.Debug|x64.Build.0 = Debug|x64
		{50D8D01C-21FA-46D9-BCC6-58BFD0FF3816}.Debug|x86.ActiveCfg = Debug|Win32
		{50D8D01C-21FA-46D9-BCC6-58BFD0FF3816}.Debug|x86.Build.0 = Debug|Win32
		{50D8D01C-21FA-46D9-BCC6-58BFD0FF3816}.Release|x64.ActiveCfg = Release|x64
		{50D8D01C-21FA-46D9-BCC6-58BFD0FF3816}.Release|x64.Build.0 = Release|x64
		{50D8D01C-21FA-46D9-BCC6-58BFD0FF3816}.Release|x86.ActiveCfg = Release|Win32
		{50D8D01C-21FA-46D9-BCC6-58BFD0FF3816}.Release|x86.Build.0 = Release|Win32
		{530CA1AD-A17B-4DCD-B43B-F93F2563BFC1}.Debug|x64.ActiveCfg = Debug|x64
		{530CA1AD-A17B-4DCD-B43B-F93F2563BFC1}.Debug|x64.Build.0 = Debug|x64
		{530CA1AD-A17B-4DCD-B43B-F93F2563BFC1}.Debug|x86.ActiveCfg = Debug|Win32
		{530CA1AD-A17B-4DCD-B43B-F93F2563BFC1}.Debug|x86.Build.0 = Debug|Win32
		{530CA1AD-A17B-4DCD-B43B-F93F2563BFC1}.Release|x64.ActiveCfg = Release|x64
		{530CA1AD-A17B-4DCD-B43B-F93F2563BFC1}.Release|x64.Build.0 = Release|x64
		{530CA1AD-A17B-4DCD-B43B-F93F2563BFC1}.Release|x86.ActiveCfg = Release|Win32
		{530CA1AD-A17B-4DCD-B43B-F93F2563BFC1}.Release|x86.Build.0 = Release|Win32
		{E9835178-16BF-4E74-ADDE-6C39BE73A321}.Debug|x64.ActiveCfg = Debug|x64
		{E9835178-16BF-4E74-ADDE-6C39BE73A321}.Debug|x64.Build.0 = Debug|x64
		{E9835178-16BF-4E74-ADDE-6C39BE73A321}.Debug|x86.ActiveCfg = Debug|x86
		{E9835178-16BF-4E74-ADDE-6C39BE73A321}.Debug|x86.Build.0 = Debug|x86
		{E9835178-16BF-4E74-ADDE-6C39BE73A321}.Release|x64.ActiveCfg = Release|x64
		{E9835178-16BF-4E74-ADDE-6C39BE73A321}.Release|x64.Build.0 = Release|x64
		{E9835178-16BF-4E74-ADDE-6C39BE73A321}.Release|x86.ActiveCfg = Release|x86
		{E9835178-16BF-4E74-ADDE-6C39BE73A321}.Release|x86.Build.0 = Release|x86
		{37D65815-8A9A-4D63-88E4-425AD0087B4D}.Debug|x64.ActiveCfg = Debug|x64
		{37D65815-8A9A-4D63-88E4-425AD0087B4D}.Debug|x64.Build.0 = Debug|x64
		{37D65815-8A9A-4D63-88E4-425AD0087B4D}.Debug|x86.ActiveCfg = Debug|Win32
		{37D65815-8A9A-4D63-88E4-425AD0087B4D}.Debug|x86.Build.0 = Debug|Win32
		{37D65815-8A9A-4D63-88E4-425AD0087B4D}.Release|x64.ActiveCfg = Release|x64
		{37D65815-8A9A-4D63-88E4-425AD0087B4D}.Release|x64.Build.0 = Release|x64
		{37D65815-8A9A-4D63-88E4-425AD0087B4D}.Release|x86.ActiveCfg = Release|Win32
		{37D65815-8A9A-4D63-88E4-425AD0087B4D}.Release|x86.Build.0 = Release|Win32
		{97526478-8C7A-44C4-B44E-7A32D9B82EF8}.Debug|x64.ActiveCfg = Debug|x64
		{97526478-8C7A-44C4-B44E-7A32D9B82EF8}.Debug|x64.Build.0 = Debug|x64
		{97526478-8C7A-44C4-B44E-7A32D9B82EF8}.Debug|x86.ActiveCfg = Debug|Win32
		{97526478-8C7A-44C4-B44E-7A32D9B82EF8}.Debug|x86.Build.0 = Debug|Win32
		{97526478-8C7A-44C4-B44E-7A32D9B82EF8}.Release|x64.ActiveCfg = Release|x64
		{97526478-8C7A-44C4-B44E-7A32D9B82EF8}.Release|x64.Build.0 = Release|x64
		{97526478-8C7A-44C4-B44E-7A32D9B82EF8}.Release|x86.ActiveCfg = Release|Win32
		{97526478-8C7A-44C4-B44E-7A32D9B82EF8}.Release|x86.Build.0 = Release|Win32
		{102DFD84-5071-4712-9CC0-377859D7CF6F}.Debug|x64.ActiveCfg = Debug|x64
		{102DFD84-5071-4712-9CC0-377859D7CF6F}.Debug|x64.Build.0 = Debug|x64
		{102DFD84-5071-4712-9CC0-377859D7CF6F}.Debug|x86.ActiveCfg = Debug|x86
		{102DFD84-5071-4712-9CC0-377859D7CF6F}.Debug|x86.Build.0 = Debug|x86
		{102DFD84-5071-4712-9CC0-377859D7CF6F}.Release|x64.ActiveCfg = Release|x64
		{102DFD84-5071-4712-9CC0-377859D7CF6F}.Release|x64.Build.0 = Release|x64
		{102DFD84-5071-4712-9CC0-377859D7CF6F}.Release|x86.ActiveCfg = Release|x86
		{102DFD84-5071-4712-9CC0-377859D7CF6F}.Release|x86.Build.0 = Release|x86
		{602B1042-79ED-434F-AC25-D072E8EC0E17}.Debug|x64.ActiveCfg = Debug|x64
		{602B1042-79ED-434F-AC25-D072E8EC0E17}.Debug|x64.Build.0 = Debug|x64
		{602B1042-79ED-434F-AC25-D072E8EC0E17}.Debug|x86.ActiveCfg = Debug|x86
		{602B1042-79ED-434F-AC25-D072E8EC0E17}.Debug|x86.Build.0 = Debug|x86
		{602B1042-79ED-434F-AC25-D072E8EC0E17}.Release|x64.ActiveCfg = Release|x64
		{602B1042-79ED-434F-AC25-D072E8EC0E17}.Release|x64.Build.0 = Release|x64
		{602B1042-79ED-434F-AC25-D072E8EC0E17}.Release|x86.ActiveCfg = Release|x86
		{602B1042-79ED-434F-AC25-D072E8EC0E17}.Release|x86.Build.0 = Release|x86
		{83344E5F-FB53-43A8-BA2F-4B2740854B9D}.Debug|x64.ActiveCfg = Debug|x64
		{83344E5F-FB53-43A8-BA2F-4B2740854B9D}.Debug|x64.Build.0 = Debug|x64
		{83344E5F-FB53-43A8-BA2F-4B2740854B9D}.Debug|x86.ActiveCfg = Debug|Win32
		{83344E5F-FB53-43A8-BA2F-4B2740854B9D}.Debug|x86.Build.0 = Debug|Win32
		{83344E5F-FB53-43A8-BA2F-4B2740854B9D}.Release|x64.ActiveCfg = Release|x64
		{83344E5F-FB53-43A8-BA2F-4B2740854B9D}.Release|x64.Build.0 = Release|x64
		{83344E5F-FB53-43A8-BA2F-4B2740854B9D}.Release|x86.ActiveCfg = Release|Win32
		{83344E5F-FB53-43A8-BA2F-4B2740854B9D}.Release|x86.Build.0 = Release|Win32
		{8CC28A8B-CD88-44A7-8994-066CCD8938CB}.Debug|x64.ActiveCfg = Debug|Win32
		{8CC28A8B-CD88-44A7-8994-066CCD8938CB}.Debug|x86.ActiveCfg = Debug|Win32
		{8CC28A8B-CD88-44A7-8994-066CCD8938CB}.Debug|x86.Build.0 = Debug|Win32
		{8CC28A8B-CD88-44A7-8994-066CCD8938CB}.Release|x64.ActiveCfg = Release|Win32
		{8CC28A8B-CD88-44A7-8994-066CCD8938CB}.Release|x64.Build.0 = Release|Win32
		{8CC28A8B-CD88-44A7-8994-066CCD8938CB}.Release|x86.ActiveCfg = Release|Win32
		{8CC28A8B-CD88-44A7-8994-066CCD8938CB}.Release|x86.Build.0 = Release|Win32
		{1D42ACE1-8ED4-4D80-9FAB-C0689F5098BC}.Debug|x64.ActiveCfg = Debug|x64
		{1D42ACE1-8ED4-4D80-9FAB-C0689F5098BC}.Debug|x64.Build.0 = Debug|x64
		{1D42ACE1-8ED4-4D80-9FAB-C0689F5098BC}.Debug|x86.ActiveCfg = Debug|Win32
		{1D42ACE1-8ED4-4D80-9FAB-C0689F5098BC}.Debug|x86.Build.0 = Debug|Win32
		{1D42ACE1-8ED4-4D80-9FAB-C0689F5098BC}.Release|x64.ActiveCfg = Release|x64
		{1D42ACE1-8ED4-4D80-9FAB-C0689F5098BC}.Release|x64.Build.0 = Release|x64
		{1D42ACE1-8ED4-4D80-9FAB-C0689F5098BC}.Release|x86.ActiveCfg = Release|Win32
		{1D42ACE1-8ED4-4D80-9FAB-C0689F5098BC}.Release|x86.Build.0 = Release|Win32
		{6FC63E73-8090-49B0-BC0D-7E554FA41AF1}.Debug|x64.ActiveCfg = Debug|x64
		{6FC63E73-8090-49B0-BC0D-7E554FA41AF1}.Debug|x64.Build.0 = Debug|x64
		{6FC63E73-8090-49B0-BC0D-7E554FA41AF1}.Debug|x86.ActiveCfg = Debug|Win32
		{6FC63E73-8090-49B0-BC0D-7E554FA41AF1}.Debug|x86.Build.0 = Debug|Win32
		{6FC63E73-8090-49B0-BC0D-7E554FA41AF1}.Release|x64.ActiveCfg = Release|x64
		{6FC63E73-8090-49B0-BC0D-7E554FA41AF1}.Release|x64.Build.0 = Release|x64
		{6FC63E73-8090-49B0-BC0D-7E554FA41AF1}.Release|x86.ActiveCfg = Release|Win32
		{6FC63E73-8090-49B0-BC0D-7E554FA41AF1}.Release|x86.Build.0 = Release|Win32
		{3073BB05-BE4B-4B30-8FF8-315E2E6D951B}.Debug|x64.ActiveCfg = Debug|x64
		{3073BB05-BE4B-4B30-8FF8-315E2E6D951B}.Debug|x64.Build.0 = Debug|x64
		{3073BB05-BE4B-4B30-8FF8-315E2E6D951B}.Debug|x86.ActiveCfg = Debug|Win32
		{3073BB05-BE4B-4B30-8FF8-315E2E6D951B}.Debug|x86.Build.0 = Debug|Win32
		{3073BB05-BE4B-4B30-8FF8-315E2E6D951B}.Release|x64.ActiveCfg = Release|x64
		{3073BB05-BE4B-4B30-8FF8-315E2E6D951B}.Release|x64.Build.0 = Release|x64
		{3073BB05-BE4B-4B30-8FF8-315E2E6D951B}.Release|x86.ActiveCfg = Release|Win32
		{3073BB05-BE4B-4B30-8FF8-315E2E6D951B}.Release|x86.Build.0 = Release|Win32
	EndGlobalSection
	GlobalSection(SolutionProperties) = preSolution
		HideSolutionNode = FALSE
	EndGlobalSection
EndGlobal
