<?xml version="1.0" encoding="utf-8"?>
<Project ToolsVersion="4.0" xmlns="http://schemas.microsoft.com/developer/msbuild/2003">
  <ItemGroup>
    <Filter Include="Source Files">
      <UniqueIdentifier>{4FC737F1-C7A5-4376-A066-2A32D752A2FF}</UniqueIdentifier>
      <Extensions>cpp;c;cc;cxx;def;odl;idl;hpj;bat;asm;asmx</Extensions>
    </Filter>
    <Filter Include="Header Files">
      <UniqueIdentifier>{93995380-89BD-4b04-88EB-625FBE52EBFB}</UniqueIdentifier>
      <Extensions>h;hh;hpp;hxx;hm;inl;inc;xsd</Extensions>
    </Filter>
    <Filter Include="Resource Files">
      <UniqueIdentifier>{67DA6AB6-F800-4c08-8B7A-83BB121AAD01}</UniqueIdentifier>
      <Extensions>rc;ico;cur;bmp;dlg;rc2;rct;bin;rgs;gif;jpg;jpeg;jpe;resx;tiff;tif;png;wav;mfcribbon-ms</Extensions>
    </Filter>
    <Filter Include="ProtocolBufferTest">
      <UniqueIdentifier>{01954f43-a20a-47dc-978d-c7a572dc2dfb}</UniqueIdentifier>
    </Filter>
    <Filter Include="Attempt">
      <UniqueIdentifier>{4ad5a09f-e6b9-48d8-a97c-6dd47824a557}</UniqueIdentifier>
    </Filter>
    <Filter Include="TcpUdpTest">
      <UniqueIdentifier>{83e9d721-7ea8-4fb7-8a8d-52d71552cc57}</UniqueIdentifier>
    </Filter>
    <Filter Include="GenericLibTest">
      <UniqueIdentifier>{879ff119-b714-4e61-86e0-8a6b45cd7e12}</UniqueIdentifier>
    </Filter>
  </ItemGroup>
  <ItemGroup>
    <ClCompile Include="Main.cpp">
      <Filter>Source Files</Filter>
    </ClCompile>
    <ClCompile Include="Log.cpp">
      <Filter>Source Files</Filter>
    </ClCompile>
    <ClCompile Include="StringUtilTest.cpp">
      <Filter>GenericLibTest</Filter>
    </ClCompile>
    <ClCompile Include="TimeUtilTest.cpp">
      <Filter>GenericLibTest</Filter>
    </ClCompile>
    <ClCompile Include="DirectoryUtilTest.cpp">
      <Filter>GenericLibTest</Filter>
    </ClCompile>
    <ClCompile Include="TestClassTest.cpp">
      <Filter>ProtocolBufferTest</Filter>
    </ClCompile>
    <ClCompile Include="UpPrivilegeTest.cpp">
      <Filter>GenericLibTest</Filter>
    </ClCompile>
    <ClCompile Include="stdafx.cpp">
      <Filter>Source Files</Filter>
    </ClCompile>
    <ClCompile Include="VersionUtilTest.cpp">
      <Filter>GenericLibTest</Filter>
    </ClCompile>
    <ClCompile Include="ProcessUtilTest.cpp">
      <Filter>GenericLibTest</Filter>
    </ClCompile>
    <ClCompile Include="ThumbnailTest.cpp">
      <Filter>Attempt</Filter>
    </ClCompile>
    <ClCompile Include="TcpSocketServerTest.cpp">
      <Filter>TcpUdpTest</Filter>
    </ClCompile>
    <ClCompile Include="UdpSocketServerTest.cpp">
      <Filter>TcpUdpTest</Filter>
    </ClCompile>
    <ClCompile Include="StdCppTest.cpp">
      <Filter>Attempt</Filter>
    </ClCompile>
    <ClCompile Include="UnhandlerExceptionTest.cpp">
      <Filter>Attempt</Filter>
    </ClCompile>
    <ClCompile Include="WaitMultiEventTest.cpp">
      <Filter>Attempt</Filter>
    </ClCompile>
    <ClCompile Include="JsonTest.cpp">
      <Filter>GenericLibTest</Filter>
    </ClCompile>
    <ClCompile Include="GoogleLogTest.cpp">
      <Filter>GenericLibTest</Filter>
    </ClCompile>
    <ClCompile Include="TinyXml2Test.cpp">
      <Filter>GenericLibTest</Filter>
    </ClCompile>
    <ClCompile Include="MultiThreadTest.cpp">
      <Filter>Attempt</Filter>
    </ClCompile>
  </ItemGroup>
  <ItemGroup>
    <ClInclude Include="Log.h">
      <Filter>Header Files</Filter>
    </ClInclude>
    <ClInclude Include="ILog.h">
      <Filter>Header Files</Filter>
    </ClInclude>
    <ClInclude Include="StringUtilTest.h">
      <Filter>GenericLibTest</Filter>
    </ClInclude>
    <ClInclude Include="TimeUtilTest.h">
      <Filter>GenericLibTest</Filter>
    </ClInclude>
    <ClInclude Include="DirectoryUtilTest.h">
      <Filter>GenericLibTest</Filter>
    </ClInclude>
    <ClInclude Include="TestClassTest.h">
      <Filter>ProtocolBufferTest</Filter>
    </ClInclude>
    <ClInclude Include="UpPrivilegeTest.h">
      <Filter>GenericLibTest</Filter>
    </ClInclude>
    <ClInclude Include="stdafx.h">
      <Filter>Header Files</Filter>
    </ClInclude>
    <ClInclude Include="VersionUtilTest.h">
      <Filter>GenericLibTest</Filter>
    </ClInclude>
    <ClInclude Include="ProcessUtilTest.h">
      <Filter>GenericLibTest</Filter>
    </ClInclude>
    <ClInclude Include="ThumbnailTest.h">
      <Filter>Attempt</Filter>
    </ClInclude>
    <ClInclude Include="TcpSocketServerTest.h">
      <Filter>TcpUdpTest</Filter>
    </ClInclude>
    <ClInclude Include="UdpSocketServerTest.h">
      <Filter>TcpUdpTest</Filter>
    </ClInclude>
    <ClInclude Include="StdCppTest.h">
      <Filter>Attempt</Filter>
    </ClInclude>
    <ClInclude Include="UnhandlerExceptionTest.h">
      <Filter>Attempt</Filter>
    </ClInclude>
    <ClInclude Include="WaitMultiEventTest.h">
      <Filter>Attempt</Filter>
    </ClInclude>
    <ClInclude Include="targetver.h">
      <Filter>Header Files</Filter>
    </ClInclude>
    <ClInclude Include="JsonTest.h">
      <Filter>GenericLibTest</Filter>
    </ClInclude>
    <ClInclude Include="GoogleLogTest.h">
      <Filter>GenericLibTest</Filter>
    </ClInclude>
    <ClInclude Include="TinyXml2Test.h">
      <Filter>GenericLibTest</Filter>
    </ClInclude>
    <ClInclude Include="MultiThreadTest.h">
      <Filter>Attempt</Filter>
    </ClInclude>
  </ItemGroup>
</Project>